
Microsoft Visual Studio Solution File, Format Version 12.00
# Visual Studio Version 17
VisualStudioVersion = 17.2.32630.192
MinimumVisualStudioVersion = 10.0.40219.1
Project("{FAE04EC0-301F-11D3-BF4B-00C04F79EFBC}") = "DelegatesExample", "DelegatesExample\DelegatesExample.csproj", "{CC539B53-DDE9-4BED-AAA4-C2CA9CEF6952}"
EndProject
Global
	GlobalSection(SolutionConfigurationPlatforms) = preSolution
		Debug|Any CPU = Debug|Any CPU
		Release|Any CPU = Release|Any CPU
	EndGlobalSection
	GlobalSection(ProjectConfigurationPlatforms) = postSolution
		{CC539B53-DDE9-4BED-AAA4-C2CA9CEF6952}.Debug|Any CPU.ActiveCfg = Debug|Any CPU
		{CC539B53-DDE9-4BED-AAA4-C2CA9CEF6952}.Debug|Any CPU.Build.0 = Debug|Any CPU
		{CC539B53-DDE9-4BED-AAA4-C2CA9CEF6952}.Release|Any CPU.ActiveCfg = Release|Any CPU
		{CC539B53-DDE9-4BED-AAA4-C2CA9CEF6952}.Release|Any CPU.Build.0 = Release|Any CPU
	EndGlobalSection
	GlobalSection(SolutionProperties) = preSolution
		HideSolutionNode = FALSE
	EndGlobalSection
	GlobalSection(ExtensibilityGlobals) = postSolution
		SolutionGuid = {F7EF5438-F865-44E8-A0B8-866ACB0985B8}
	EndGlobalSection
EndGlobal
