
Microsoft Visual Studio Solution File, Format Version 12.00
# Visual Studio Version 17
VisualStudioVersion = 17.2.32630.192
MinimumVisualStudioVersion = 10.0.40219.1
Project("{FAE04EC0-301F-11D3-BF4B-00C04F79EFBC}") = "ADODotNet", "ADODotNet\ADODotNet.csproj", "{6FCE6FC2-0EA0-45FC-BFB0-3ECD677A24F9}"
EndProject
Global
	GlobalSection(SolutionConfigurationPlatforms) = preSolution
		Debug|Any CPU = Debug|Any CPU
		Release|Any CPU = Release|Any CPU
	EndGlobalSection
	GlobalSection(ProjectConfigurationPlatforms) = postSolution
		{6FCE6FC2-0EA0-45FC-BFB0-3ECD677A24F9}.Debug|Any CPU.ActiveCfg = Debug|Any CPU
		{6FCE6FC2-0EA0-45FC-BFB0-3ECD677A24F9}.Debug|Any CPU.Build.0 = Debug|Any CPU
		{6FCE6FC2-0EA0-45FC-BFB0-3ECD677A24F9}.Release|Any CPU.ActiveCfg = Release|Any CPU
		{6FCE6FC2-0EA0-45FC-BFB0-3ECD677A24F9}.Release|Any CPU.Build.0 = Release|Any CPU
	EndGlobalSection
	GlobalSection(SolutionProperties) = preSolution
		HideSolutionNode = FALSE
	EndGlobalSection
	GlobalSection(ExtensibilityGlobals) = postSolution
		SolutionGuid = {BA5ABB19-8574-4424-9FA4-D25F432A0272}
	EndGlobalSection
EndGlobal
