
Microsoft Visual Studio Solution File, Format Version 12.00
# Visual Studio Version 17
VisualStudioVersion = 17.2.32630.192
MinimumVisualStudioVersion = 10.0.40219.1
Project("{FAE04EC0-301F-11D3-BF4B-00C04F79EFBC}") = "AddressBookAdoDotNet", "AddressBookAdoDotNet\AddressBookAdoDotNet.csproj", "{ADEE33B6-BC72-4D1E-A38B-1A57E5979865}"
EndProject
Global
	GlobalSection(SolutionConfigurationPlatforms) = preSolution
		Debug|Any CPU = Debug|Any CPU
		Release|Any CPU = Release|Any CPU
	EndGlobalSection
	GlobalSection(ProjectConfigurationPlatforms) = postSolution
		{ADEE33B6-BC72-4D1E-A38B-1A57E5979865}.Debug|Any CPU.ActiveCfg = Debug|Any CPU
		{ADEE33B6-BC72-4D1E-A38B-1A57E5979865}.Debug|Any CPU.Build.0 = Debug|Any CPU
		{ADEE33B6-BC72-4D1E-A38B-1A57E5979865}.Release|Any CPU.ActiveCfg = Release|Any CPU
		{ADEE33B6-BC72-4D1E-A38B-1A57E5979865}.Release|Any CPU.Build.0 = Release|Any CPU
	EndGlobalSection
	GlobalSection(SolutionProperties) = preSolution
		HideSolutionNode = FALSE
	EndGlobalSection
	GlobalSection(ExtensibilityGlobals) = postSolution
		SolutionGuid = {A363547F-05FC-4B75-9F69-5060815E8542}
	EndGlobalSection
EndGlobal
