
Microsoft Visual Studio Solution File, Format Version 12.00
# Visual Studio Version 17
VisualStudioVersion = 17.2.32630.192
MinimumVisualStudioVersion = 10.0.40219.1
Project("{FAE04EC0-301F-11D3-BF4B-00C04F79EFBC}") = "Generics", "Generics\Generics.csproj", "{473907BB-91D5-4852-8475-D5B126189C2F}"
EndProject
Global
	GlobalSection(SolutionConfigurationPlatforms) = preSolution
		Debug|Any CPU = Debug|Any CPU
		Release|Any CPU = Release|Any CPU
	EndGlobalSection
	GlobalSection(ProjectConfigurationPlatforms) = postSolution
		{473907BB-91D5-4852-8475-D5B126189C2F}.Debug|Any CPU.ActiveCfg = Debug|Any CPU
		{473907BB-91D5-4852-8475-D5B126189C2F}.Debug|Any CPU.Build.0 = Debug|Any CPU
		{473907BB-91D5-4852-8475-D5B126189C2F}.Release|Any CPU.ActiveCfg = Release|Any CPU
		{473907BB-91D5-4852-8475-D5B126189C2F}.Release|Any CPU.Build.0 = Release|Any CPU
	EndGlobalSection
	GlobalSection(SolutionProperties) = preSolution
		HideSolutionNode = FALSE
	EndGlobalSection
	GlobalSection(ExtensibilityGlobals) = postSolution
		SolutionGuid = {CF65DD44-ECB2-42B0-8E43-8FA5309AEA06}
	EndGlobalSection
EndGlobal
