
Microsoft Visual Studio Solution File, Format Version 12.00
# Visual Studio Version 17
VisualStudioVersion = 17.2.32630.192
MinimumVisualStudioVersion = 10.0.40219.1
Project("{FAE04EC0-301F-11D3-BF4B-00C04F79EFBC}") = "ClassObject", "ClassObject\ClassObject.csproj", "{5786E6ED-CD8F-4D7A-9EEF-8D796EACDDD5}"
EndProject
Global
	GlobalSection(SolutionConfigurationPlatforms) = preSolution
		Debug|Any CPU = Debug|Any CPU
		Release|Any CPU = Release|Any CPU
	EndGlobalSection
	GlobalSection(ProjectConfigurationPlatforms) = postSolution
		{5786E6ED-CD8F-4D7A-9EEF-8D796EACDDD5}.Debug|Any CPU.ActiveCfg = Debug|Any CPU
		{5786E6ED-CD8F-4D7A-9EEF-8D796EACDDD5}.Debug|Any CPU.Build.0 = Debug|Any CPU
		{5786E6ED-CD8F-4D7A-9EEF-8D796EACDDD5}.Release|Any CPU.ActiveCfg = Release|Any CPU
		{5786E6ED-CD8F-4D7A-9EEF-8D796EACDDD5}.Release|Any CPU.Build.0 = Release|Any CPU
	EndGlobalSection
	GlobalSection(SolutionProperties) = preSolution
		HideSolutionNode = FALSE
	EndGlobalSection
	GlobalSection(ExtensibilityGlobals) = postSolution
		SolutionGuid = {7D43FB90-4C22-41F0-9F39-769A74FA8D3F}
	EndGlobalSection
EndGlobal
