
Microsoft Visual Studio Solution File, Format Version 12.00
# Visual Studio Version 17
VisualStudioVersion = 17.2.32630.192
MinimumVisualStudioVersion = 10.0.40219.1
Project("{FAE04EC0-301F-11D3-BF4B-00C04F79EFBC}") = "HashTable", "HashTable\HashTable.csproj", "{BBBB13B0-AA46-4DD1-BD1A-A3C36D47E4A6}"
EndProject
Global
	GlobalSection(SolutionConfigurationPlatforms) = preSolution
		Debug|Any CPU = Debug|Any CPU
		Release|Any CPU = Release|Any CPU
	EndGlobalSection
	GlobalSection(ProjectConfigurationPlatforms) = postSolution
		{BBBB13B0-AA46-4DD1-BD1A-A3C36D47E4A6}.Debug|Any CPU.ActiveCfg = Debug|Any CPU
		{BBBB13B0-AA46-4DD1-BD1A-A3C36D47E4A6}.Debug|Any CPU.Build.0 = Debug|Any CPU
		{BBBB13B0-AA46-4DD1-BD1A-A3C36D47E4A6}.Release|Any CPU.ActiveCfg = Release|Any CPU
		{BBBB13B0-AA46-4DD1-BD1A-A3C36D47E4A6}.Release|Any CPU.Build.0 = Release|Any CPU
	EndGlobalSection
	GlobalSection(SolutionProperties) = preSolution
		HideSolutionNode = FALSE
	EndGlobalSection
	GlobalSection(ExtensibilityGlobals) = postSolution
		SolutionGuid = {85AB0E7B-4717-4D0D-A1B5-FB1B289D89A8}
	EndGlobalSection
EndGlobal
